// !$*UTF8*$!
{
	archiveVersion = 1;
	classes = {
	};
	objectVersion = 77;
	objects = {

/* Begin PBXBuildFile section */
		15194D332E6C6B5B00F57D9B /* lessons.json in Resources */ = {isa = PBXBuildFile; fileRef = 15194D322E6C6B5B00F57D9B /* lessons.json */; };
		151AE3CF2E6DCCCB00746E8E /* steps.json in Resources */ = {isa = PBXBuildFile; fileRef = 151AE3CE2E6DCCCB00746E8E /* steps.json */; };
		158E96752EDDD24F00C4E831 /* taikafm.json in Resources */ = {isa = PBXBuildFile; fileRef = 158E96742EDDD24F00C4E831 /* taikafm.json */; };
		159EBA352F5814A800D6906D /* FirebaseCore in Frameworks */ = {isa = PBXBuildFile; productRef = 15FB00002E59B31600EBEA0E /* FirebaseCore */; };
		159EBA362F5814A800D6906D /* FirebaseAuth in Frameworks */ = {isa = PBXBuildFile; productRef = 15FB00022E59B31600EBEA0E /* FirebaseAuth */; };
		159EBA372F5814A800D6906D /* FirebaseFirestore in Frameworks */ = {isa = PBXBuildFile; productRef = 15FB00032E59B31600EBEA0E /* FirebaseFirestore */; };
/* End PBXBuildFile section */

/* Begin PBXContainerItemProxy section */
		158B021A2E59B31900EBEA0E /* PBXContainerItemProxy */ = {
			isa = PBXContainerItemProxy;
			containerPortal = 158B01FD2E59B31600EBEA0E /* Project object */;
			proxyType = 1;
			remoteGlobalIDString = 158B02042E59B31600EBEA0E;
			remoteInfo = taika;
		};
		158B02242E59B31900EBEA0E /* PBXContainerItemProxy */ = {
			isa = PBXContainerItemProxy;
			containerPortal = 158B01FD2E59B31600EBEA0E /* Project object */;
			proxyType = 1;
			remoteGlobalIDString = 158B02042E59B31600EBEA0E;
			remoteInfo = taika;
		};
/* End PBXContainerItemProxy section */

/* Begin PBXFileReference section */
		15194D322E6C6B5B00F57D9B /* lessons.json */ = {isa = PBXFileReference; lastKnownFileType = text.json; path = lessons.json; sourceTree = "<group>"; };
		151AE3CE2E6DCCCB00746E8E /* steps.json */ = {isa = PBXFileReference; lastKnownFileType = text.json; path = steps.json; sourceTree = "<group>"; };
		158B02052E59B31600EBEA0E /* taika.app */ = {isa = PBXFileReference; explicitFileType = wrapper.application; includeInIndex = 0; path = taika.app; sourceTree = BUILT_PRODUCTS_DIR; };
		158B02192E59B31900EBEA0E /* taikaTests.xctest */ = {isa = PBXFileReference; explicitFileType = wrapper.cfbundle; includeInIndex = 0; path = taikaTests.xctest; sourceTree = BUILT_PRODUCTS_DIR; };
		158B02232E59B31900EBEA0E /* taikaUITests.xctest */ = {isa = PBXFileReference; explicitFileType = wrapper.cfbundle; includeInIndex = 0; path = taikaUITests.xctest; sourceTree = BUILT_PRODUCTS_DIR; };
		158B02402E59B67000EBEA0E /* Onmark TRIAL Regular.otf */ = {isa = PBXFileReference; lastKnownFileType = file; name = "Onmark TRIAL Regular.otf"; path = "taika/Theme/Onmark TRIAL Regular.otf"; sourceTree = "<group>"; };
		158B025C2E5AEC0C00EBEA0E /* taika_basa_course.json */ = {isa = PBXFileReference; lastKnownFileType = text.json; name = taika_basa_course.json; path = taika/Resourses/taika_basa_course.json; sourceTree = "<group>"; };
		158E96742EDDD24F00C4E831 /* taikafm.json */ = {isa = PBXFileReference; lastKnownFileType = text.json; path = taikafm.json; sourceTree = "<group>"; };
/* End PBXFileReference section */

/* Begin PBXFileSystemSynchronizedBuildFileExceptionSet section */
		158B022B2E59B31900EBEA0E /* Exceptions for "taika" folder in "taika" target */ = {
			isa = PBXFileSystemSynchronizedBuildFileExceptionSet;
			membershipExceptions = (
				CONTENT_README.md,
				"Course/Lessons/Steps/STEP(README).txt",
				Info.plist,
			);
			target = 158B02042E59B31600EBEA0E /* taika */;
		};
/* End PBXFileSystemSynchronizedBuildFileExceptionSet section */

/* Begin PBXFileSystemSynchronizedRootGroup section */
		158B02072E59B31600EBEA0E /* taika */ = {
			isa = PBXFileSystemSynchronizedRootGroup;
			exceptions = (
				158B022B2E59B31900EBEA0E /* Exceptions for "taika" folder in "taika" target */,
			);
			path = taika;
			sourceTree = "<group>";
		};
		158B021C2E59B31900EBEA0E /* taikaTests */ = {
			isa = PBXFileSystemSynchronizedRootGroup;
			path = taikaTests;
			sourceTree = "<group>";
		};
		158B02262E59B31900EBEA0E /* taikaUITests */ = {
			isa = PBXFileSystemSynchronizedRootGroup;
			path = taikaUITests;
			sourceTree = "<group>";
		};
/* End PBXFileSystemSynchronizedRootGroup section */

/* Begin PBXFrameworksBuildPhase section */
		158B02022E59B31600EBEA0E /* Frameworks */ = {
			isa = PBXFrameworksBuildPhase;
			buildActionMask = 2147483647;
			files = (
				159EBA372F5814A800D6906D /* FirebaseFirestore in Frameworks */,
				159EBA362F5814A800D6906D /* FirebaseAuth in Frameworks */,
				159EBA352F5814A800D6906D /* FirebaseCore in Frameworks */,
			);
			runOnlyForDeploymentPostprocessing = 0;
		};
		158B02162E59B31900EBEA0E /* Frameworks */ = {
			isa = PBXFrameworksBuildPhase;
			buildActionMask = 2147483647;
			files = (
			);
			runOnlyForDeploymentPostprocessing = 0;
		};
		158B02202E59B31900EBEA0E /* Frameworks */ = {
			isa = PBXFrameworksBuildPhase;
			buildActionMask = 2147483647;
			files = (
			);
			runOnlyForDeploymentPostprocessing = 0;
		};
/* End PBXFrameworksBuildPhase section */

/* Begin PBXGroup section */
		158B01FC2E59B31600EBEA0E = {
			isa = PBXGroup;
			children = (
				151AE3CE2E6DCCCB00746E8E /* steps.json */,
				158E96742EDDD24F00C4E831 /* taikafm.json */,
				15194D322E6C6B5B00F57D9B /* lessons.json */,
				158B025C2E5AEC0C00EBEA0E /* taika_basa_course.json */,
				158B02402E59B67000EBEA0E /* Onmark TRIAL Regular.otf */,
				158B02072E59B31600EBEA0E /* taika */,
				158B021C2E59B31900EBEA0E /* taikaTests */,
				158B02262E59B31900EBEA0E /* taikaUITests */,
				158B02062E59B31600EBEA0E /* Products */,
			);
			sourceTree = "<group>";
		};
		158B02062E59B31600EBEA0E /* Products */ = {
			isa = PBXGroup;
			children = (
				158B02052E59B31600EBEA0E /* taika.app */,
				158B02192E59B31900EBEA0E /* taikaTests.xctest */,
				158B02232E59B31900EBEA0E /* taikaUITests.xctest */,
			);
			name = Products;
			sourceTree = "<group>";
		};
/* End PBXGroup section */

/* Begin PBXNativeTarget section */
		158B02042E59B31600EBEA0E /* taika */ = {
			isa = PBXNativeTarget;
			buildConfigurationList = 158B022C2E59B31900EBEA0E /* Build configuration list for PBXNativeTarget "taika" */;
			buildPhases = (
				158B02012E59B31600EBEA0E /* Sources */,
				158B02022E59B31600EBEA0E /* Frameworks */,
				158B02032E59B31600EBEA0E /* Resources */,
			);
			buildRules = (
			);
			dependencies = (
			);
			fileSystemSynchronizedGroups = (
				158B02072E59B31600EBEA0E /* taika */,
			);
			name = taika;
			packageProductDependencies = (
				15FB00002E59B31600EBEA0E /* FirebaseCore */,
				15FB00022E59B31600EBEA0E /* FirebaseAuth */,
				15FB00032E59B31600EBEA0E /* FirebaseFirestore */,
			);
			productName = taika;
			productReference = 158B02052E59B31600EBEA0E /* taika.app */;
			productType = "com.apple.product-type.application";
		};
		158B02182E59B31900EBEA0E /* taikaTests */ = {
			isa = PBXNativeTarget;
			buildConfigurationList = 158B02312E59B31900EBEA0E /* Build configuration list for PBXNativeTarget "taikaTests" */;
			buildPhases = (
				158B02152E59B31900EBEA0E /* Sources */,
				158B02162E59B31900EBEA0E /* Frameworks */,
				158B02172E59B31900EBEA0E /* Resources */,
			);
			buildRules = (
			);
			dependencies = (
				158B021B2E59B31900EBEA0E /* PBXTargetDependency */,
			);
			fileSystemSynchronizedGroups = (
				158B021C2E59B31900EBEA0E /* taikaTests */,
			);
			name = taikaTests;
			packageProductDependencies = (
			);
			productName = taikaTests;
			productReference = 158B02192E59B31900EBEA0E /* taikaTests.xctest */;
			productType = "com.apple.product-type.bundle.unit-test";
		};
		158B02222E59B31900EBEA0E /* taikaUITests */ = {
			isa = PBXNativeTarget;
			buildConfigurationList = 158B02342E59B31900EBEA0E /* Build configuration list for PBXNativeTarget "taikaUITests" */;
			buildPhases = (
				158B021F2E59B31900EBEA0E /* Sources */,
				158B02202E59B31900EBEA0E /* Frameworks */,
				158B02212E59B31900EBEA0E /* Resources */,
			);
			buildRules = (
			);
			dependencies = (
				158B02252E59B31900EBEA0E /* PBXTargetDependency */,
			);
			fileSystemSynchronizedGroups = (
				158B02262E59B31900EBEA0E /* taikaUITests */,
			);
			name = taikaUITests;
			packageProductDependencies = (
			);
			productName = taikaUITests;
			productReference = 158B02232E59B31900EBEA0E /* taikaUITests.xctest */;
			productType = "com.apple.product-type.bundle.ui-testing";
		};
/* End PBXNativeTarget section */

/* Begin PBXProject section */
		158B01FD2E59B31600EBEA0E /* Project object */ = {
			isa = PBXProject;
			attributes = {
				BuildIndependentTargetsInParallel = 1;
				LastSwiftUpdateCheck = 1620;
				LastUpgradeCheck = 1620;
				TargetAttributes = {
					158B02042E59B31600EBEA0E = {
						CreatedOnToolsVersion = 16.2;
					};
					158B02182E59B31900EBEA0E = {
						CreatedOnToolsVersion = 16.2;
						TestTargetID = 158B02042E59B31600EBEA0E;
					};
					158B02222E59B31900EBEA0E = {
						CreatedOnToolsVersion = 16.2;
						TestTargetID = 158B02042E59B31600EBEA0E;
					};
				};
			};
			buildConfigurationList = 158B02002E59B31600EBEA0E /* Build configuration list for PBXProject "taika" */;
			developmentRegion = en;
			hasScannedForEncodings = 0;
			knownRegions = (
				en,
				Base,
			);
			mainGroup = 158B01FC2E59B31600EBEA0E;
			minimizedProjectReferenceProxies = 1;
			packageReferences = (
				15FB00012E59B31600EBEA0E /* XCRemoteSwiftPackageReference "firebase-ios-sdk" */,
			);
			preferredProjectObjectVersion = 77;
			productRefGroup = 158B02062E59B31600EBEA0E /* Products */;
			projectDirPath = "";
			projectRoot = "";
			targets = (
				158B02042E59B31600EBEA0E /* taika */,
				158B02182E59B31900EBEA0E /* taikaTests */,
				158B02222E59B31900EBEA0E /* taikaUITests */,
			);
		};
/* End PBXProject section */

/* Begin PBXResourcesBuildPhase section */
		158B02032E59B31600EBEA0E /* Resources */ = {
			isa = PBXResourcesBuildPhase;
			buildActionMask = 2147483647;
			files = (
				151AE3CF2E6DCCCB00746E8E /* steps.json in Resources */,
				158E96752EDDD24F00C4E831 /* taikafm.json in Resources */,
				15194D332E6C6B5B00F57D9B /* lessons.json in Resources */,
			);
			runOnlyForDeploymentPostprocessing = 0;
		};
		158B02172E59B31900EBEA0E /* Resources */ = {
			isa = PBXResourcesBuildPhase;
			buildActionMask = 2147483647;
			files = (
			);
			runOnlyForDeploymentPostprocessing = 0;
		};
		158B02212E59B31900EBEA0E /* Resources */ = {
			isa = PBXResourcesBuildPhase;
			buildActionMask = 2147483647;
			files = (
			);
			runOnlyForDeploymentPostprocessing = 0;
		};
/* End PBXResourcesBuildPhase section */

/* Begin PBXSourcesBuildPhase section */
		158B02012E59B31600EBEA0E /* Sources */ = {
			isa = PBXSourcesBuildPhase;
			buildActionMask = 2147483647;
			files = (
			);
			runOnlyForDeploymentPostprocessing = 0;
		};
		158B02152E59B31900EBEA0E /* Sources */ = {
			isa = PBXSourcesBuildPhase;
			buildActionMask = 2147483647;
			files = (
			);
			runOnlyForDeploymentPostprocessing = 0;
		};
		158B021F2E59B31900EBEA0E /* Sources */ = {
			isa = PBXSourcesBuildPhase;
			buildActionMask = 2147483647;
			files = (
			);
			runOnlyForDeploymentPostprocessing = 0;
		};
/* End PBXSourcesBuildPhase section */

/* Begin PBXTargetDependency section */
		158B021B2E59B31900EBEA0E /* PBXTargetDependency */ = {
			isa = PBXTargetDependency;
			target = 158B02042E59B31600EBEA0E /* taika */;
			targetProxy = 158B021A2E59B31900EBEA0E /* PBXContainerItemProxy */;
		};
		158B02252E59B31900EBEA0E /* PBXTargetDependency */ = {
			isa = PBXTargetDependency;
			target = 158B02042E59B31600EBEA0E /* taika */;
			targetProxy = 158B02242E59B31900EBEA0E /* PBXContainerItemProxy */;
		};
/* End PBXTargetDependency section */

/* Begin XCBuildConfiguration section */
		158B022D2E59B31900EBEA0E /* Debug */ = {
			isa = XCBuildConfiguration;
			buildSettings = {
				ASSETCATALOG_COMPILER_APPICON_NAME = AppIcon;
				ASSETCATALOG_COMPILER_GLOBAL_ACCENT_COLOR_NAME = AccentColor;
				CODE_SIGN_ALLOW_ENTITLEMENTS_MODIFICATION = YES;
				CODE_SIGN_ENTITLEMENTS = taika/taika.entitlements;
				CODE_SIGN_IDENTITY = "Apple Development";
				CODE_SIGN_STYLE = Automatic;
				CURRENT_PROJECT_VERSION = 1;
				DEVELOPMENT_ASSET_PATHS = "\"taika/Preview Content\"";
				DEVELOPMENT_TEAM = G6B65R5TY3;
				ENABLE_HARDENED_RUNTIME = YES;
				ENABLE_PREVIEWS = YES;
				GENERATE_INFOPLIST_FILE = YES;
				INFOPLIST_FILE = taika/Info.plist;
				"INFOPLIST_KEY_UIApplicationSceneManifest_Generation[sdk=iphoneos*]" = YES;
				"INFOPLIST_KEY_UIApplicationSceneManifest_Generation[sdk=iphonesimulator*]" = YES;
				"INFOPLIST_KEY_UIApplicationSupportsIndirectInputEvents[sdk=iphoneos*]" = YES;
				"INFOPLIST_KEY_UIApplicationSupportsIndirectInputEvents[sdk=iphonesimulator*]" = YES;
				"INFOPLIST_KEY_UILaunchScreen_Generation[sdk=iphoneos*]" = YES;
				"INFOPLIST_KEY_UILaunchScreen_Generation[sdk=iphonesimulator*]" = YES;
				"INFOPLIST_KEY_UIStatusBarStyle[sdk=iphoneos*]" = UIStatusBarStyleDefault;
				"INFOPLIST_KEY_UIStatusBarStyle[sdk=iphonesimulator*]" = UIStatusBarStyleDefault;
				INFOPLIST_KEY_UISupportedInterfaceOrientations_iPad = "UIInterfaceOrientationPortrait UIInterfaceOrientationPortraitUpsideDown UIInterfaceOrientationLandscapeLeft UIInterfaceOrientationLandscapeRight";
				INFOPLIST_KEY_UISupportedInterfaceOrientations_iPhone = "UIInterfaceOrientationPortrait UIInterfaceOrientationLandscapeLeft UIInterfaceOrientationLandscapeRight";
				IPHONEOS_DEPLOYMENT_TARGET = 18.2;
				LD_RUNPATH_SEARCH_PATHS = "@executable_path/Frameworks";
				"LD_RUNPATH_SEARCH_PATHS[sdk=macosx*]" = "@executable_path/../Frameworks";
				MACOSX_DEPLOYMENT_TARGET = 14.0;
				MARKETING_VERSION = 1.0;
				PRODUCT_BUNDLE_IDENTIFIER = com.sabishev.taika;
				PRODUCT_NAME = "$(TARGET_NAME)";
				PROVISIONING_PROFILE_SPECIFIER = "";
				SDKROOT = auto;
				SUPPORTED_PLATFORMS = "iphoneos iphonesimulator macosx xros xrsimulator";
				SWIFT_EMIT_LOC_STRINGS = YES;
				SWIFT_VERSION = 5.0;
				TARGETED_DEVICE_FAMILY = "1,2,7";
				XROS_DEPLOYMENT_TARGET = 2.2;
			};
			name = Debug;
		};
		158B022E2E59B31900EBEA0E /* Release */ = {
			isa = XCBuildConfiguration;
			buildSettings = {
				ASSETCATALOG_COMPILER_APPICON_NAME = AppIcon;
				ASSETCATALOG_COMPILER_GLOBAL_ACCENT_COLOR_NAME = AccentColor;
				CODE_SIGN_ALLOW_ENTITLEMENTS_MODIFICATION = YES;
				CODE_SIGN_ENTITLEMENTS = taika/taika.entitlements;
				CODE_SIGN_IDENTITY = "Apple Development";
				CODE_SIGN_STYLE = Automatic;
				CURRENT_PROJECT_VERSION = 1;
				DEVELOPMENT_ASSET_PATHS = "\"taika/Preview Content\"";
				DEVELOPMENT_TEAM = G6B65R5TY3;
				ENABLE_HARDENED_RUNTIME = YES;
				ENABLE_PREVIEWS = YES;
				GENERATE_INFOPLIST_FILE = YES;
				INFOPLIST_FILE = taika/Info.plist;
				"INFOPLIST_KEY_UIApplicationSceneManifest_Generation[sdk=iphoneos*]" = YES;
				"INFOPLIST_KEY_UIApplicationSceneManifest_Generation[sdk=iphonesimulator*]" = YES;
				"INFOPLIST_KEY_UIApplicationSupportsIndirectInputEvents[sdk=iphoneos*]" = YES;
				"INFOPLIST_KEY_UIApplicationSupportsIndirectInputEvents[sdk=iphonesimulator*]" = YES;
				"INFOPLIST_KEY_UILaunchScreen_Generation[sdk=iphoneos*]" = YES;
				"INFOPLIST_KEY_UILaunchScreen_Generation[sdk=iphonesimulator*]" = YES;
				"INFOPLIST_KEY_UIStatusBarStyle[sdk=iphoneos*]" = UIStatusBarStyleDefault;
				"INFOPLIST_KEY_UIStatusBarStyle[sdk=iphonesimulator*]" = UIStatusBarStyleDefault;
				INFOPLIST_KEY_UISupportedInterfaceOrientations_iPad = "UIInterfaceOrientationPortrait UIInterfaceOrientationPortraitUpsideDown UIInterfaceOrientationLandscapeLeft UIInterfaceOrientationLandscapeRight";
				INFOPLIST_KEY_UISupportedInterfaceOrientations_iPhone = "UIInterfaceOrientationPortrait UIInterfaceOrientationLandscapeLeft UIInterfaceOrientationLandscapeRight";
				IPHONEOS_DEPLOYMENT_TARGET = 18.2;
				LD_RUNPATH_SEARCH_PATHS = "@executable_path/Frameworks";
				"LD_RUNPATH_SEARCH_PATHS[sdk=macosx*]" = "@executable_path/../Frameworks";
				MACOSX_DEPLOYMENT_TARGET = 14.0;
				MARKETING_VERSION = 1.0;
				PRODUCT_BUNDLE_IDENTIFIER = com.sabishev.taika;
				PRODUCT_NAME = "$(TARGET_NAME)";
				PROVISIONING_PROFILE_SPECIFIER = "";
				SDKROOT = auto;
				SUPPORTED_PLATFORMS = "iphoneos iphonesimulator macosx xros xrsimulator";
				SWIFT_EMIT_LOC_STRINGS = YES;
				SWIFT_VERSION = 5.0;
				TARGETED_DEVICE_FAMILY = "1,2,7";
				XROS_DEPLOYMENT_TARGET = 2.2;
			};
			name = Release;
		};
		158B022F2E59B31900EBEA0E /* Debug */ = {
			isa = XCBuildConfiguration;
			buildSettings = {
				ALWAYS_SEARCH_USER_PATHS = NO;
				ASSETCATALOG_COMPILER_GENERATE_SWIFT_ASSET_SYMBOL_EXTENSIONS = YES;
				CLANG_ANALYZER_NONNULL = YES;
				CLANG_ANALYZER_NUMBER_OBJECT_CONVERSION = YES_AGGRESSIVE;
				CLANG_CXX_LANGUAGE_STANDARD = "gnu++20";
				CLANG_ENABLE_MODULES = YES;
				CLANG_ENABLE_OBJC_ARC = YES;
				CLANG_ENABLE_OBJC_WEAK = YES;
				CLANG_WARN_BLOCK_CAPTURE_AUTORELEASING = YES;
				CLANG_WARN_BOOL_CONVERSION = YES;
				CLANG_WARN_COMMA = YES;
				CLANG_WARN_CONSTANT_CONVERSION = YES;
				CLANG_WARN_DEPRECATED_OBJC_IMPLEMENTATIONS = YES;
				CLANG_WARN_DIRECT_OBJC_ISA_USAGE = YES_ERROR;
				CLANG_WARN_DOCUMENTATION_COMMENTS = YES;
				CLANG_WARN_EMPTY_BODY = YES;
				CLANG_WARN_ENUM_CONVERSION = YES;
				CLANG_WARN_INFINITE_RECURSION = YES;
				CLANG_WARN_INT_CONVERSION = YES;
				CLANG_WARN_NON_LITERAL_NULL_CONVERSION = YES;
				CLANG_WARN_OBJC_IMPLICIT_RETAIN_SELF = YES;
				CLANG_WARN_OBJC_LITERAL_CONVERSION = YES;
				CLANG_WARN_OBJC_ROOT_CLASS = YES_ERROR;
				CLANG_WARN_QUOTED_INCLUDE_IN_FRAMEWORK_HEADER = YES;
				CLANG_WARN_RANGE_LOOP_ANALYSIS = YES;
				CLANG_WARN_STRICT_PROTOTYPES = YES;
				CLANG_WARN_SUSPICIOUS_MOVE = YES;
				CLANG_WARN_UNGUARDED_AVAILABILITY = YES_AGGRESSIVE;
				CLANG_WARN_UNREACHABLE_CODE = YES;
				CLANG_WARN__DUPLICATE_METHOD_MATCH = YES;
				COPY_PHASE_STRIP = NO;
				DEBUG_INFORMATION_FORMAT = dwarf;
				ENABLE_STRICT_OBJC_MSGSEND = YES;
				ENABLE_TESTABILITY = YES;
				ENABLE_USER_SCRIPT_SANDBOXING = YES;
				GCC_C_LANGUAGE_STANDARD = gnu17;
				GCC_DYNAMIC_NO_PIC = NO;
				GCC_NO_COMMON_BLOCKS = YES;
				GCC_OPTIMIZATION_LEVEL = 0;
				GCC_PREPROCESSOR_DEFINITIONS = (
					"DEBUG=1",
					"$(inherited)",
				);
				GCC_WARN_64_TO_32_BIT_CONVERSION = YES;
				GCC_WARN_ABOUT_RETURN_TYPE = YES_ERROR;
				GCC_WARN_UNDECLARED_SELECTOR = YES;
				GCC_WARN_UNINITIALIZED_AUTOS = YES_AGGRESSIVE;
				GCC_WARN_UNUSED_FUNCTION = YES;
				GCC_WARN_UNUSED_VARIABLE = YES;
				LOCALIZATION_PREFERS_STRING_CATALOGS = YES;
				MTL_ENABLE_DEBUG_INFO = INCLUDE_SOURCE;
				MTL_FAST_MATH = YES;
				ONLY_ACTIVE_ARCH = YES;
				SWIFT_ACTIVE_COMPILATION_CONDITIONS = "DEBUG $(inherited)";
				SWIFT_OPTIMIZATION_LEVEL = "-Onone";
			};
			name = Debug;
		};
		158B02302E59B31900EBEA0E /* Release */ = {
			isa = XCBuildConfiguration;
			buildSettings = {
				ALWAYS_SEARCH_USER_PATHS = NO;
				ASSETCATALOG_COMPILER_GENERATE_SWIFT_ASSET_SYMBOL_EXTENSIONS = YES;
				CLANG_ANALYZER_NONNULL = YES;
				CLANG_ANALYZER_NUMBER_OBJECT_CONVERSION = YES_AGGRESSIVE;
				CLANG_CXX_LANGUAGE_STANDARD = "gnu++20";
				CLANG_ENABLE_MODULES = YES;
				CLANG_ENABLE_OBJC_ARC = YES;
				CLANG_ENABLE_OBJC_WEAK = YES;
				CLANG_WARN_BLOCK_CAPTURE_AUTORELEASING = YES;
				CLANG_WARN_BOOL_CONVERSION = YES;
				CLANG_WARN_COMMA = YES;
				CLANG_WARN_CONSTANT_CONVERSION = YES;
				CLANG_WARN_DEPRECATED_OBJC_IMPLEMENTATIONS = YES;
				CLANG_WARN_DIRECT_OBJC_ISA_USAGE = YES_ERROR;
				CLANG_WARN_DOCUMENTATION_COMMENTS = YES;
				CLANG_WARN_EMPTY_BODY = YES;
				CLANG_WARN_ENUM_CONVERSION = YES;
				CLANG_WARN_INFINITE_RECURSION = YES;
				CLANG_WARN_INT_CONVERSION = YES;
				CLANG_WARN_NON_LITERAL_NULL_CONVERSION = YES;
				CLANG_WARN_OBJC_IMPLICIT_RETAIN_SELF = YES;
				CLANG_WARN_OBJC_LITERAL_CONVERSION = YES;
				CLANG_WARN_OBJC_ROOT_CLASS = YES_ERROR;
				CLANG_WARN_QUOTED_INCLUDE_IN_FRAMEWORK_HEADER = YES;
				CLANG_WARN_RANGE_LOOP_ANALYSIS = YES;
				CLANG_WARN_STRICT_PROTOTYPES = YES;
				CLANG_WARN_SUSPICIOUS_MOVE = YES;
				CLANG_WARN_UNGUARDED_AVAILABILITY = YES_AGGRESSIVE;
				CLANG_WARN_UNREACHABLE_CODE = YES;
				CLANG_WARN__DUPLICATE_METHOD_MATCH = YES;
				COPY_PHASE_STRIP = NO;
				DEBUG_INFORMATION_FORMAT = "dwarf-with-dsym";
				ENABLE_NS_ASSERTIONS = NO;
				ENABLE_STRICT_OBJC_MSGSEND = YES;
				ENABLE_USER_SCRIPT_SANDBOXING = YES;
				GCC_C_LANGUAGE_STANDARD = gnu17;
				GCC_NO_COMMON_BLOCKS = YES;
				GCC_WARN_64_TO_32_BIT_CONVERSION = YES;
				GCC_WARN_ABOUT_RETURN_TYPE = YES_ERROR;
				GCC_WARN_UNDECLARED_SELECTOR = YES;
				GCC_WARN_UNINITIALIZED_AUTOS = YES_AGGRESSIVE;
				GCC_WARN_UNUSED_FUNCTION = YES;
				GCC_WARN_UNUSED_VARIABLE = YES;
				LOCALIZATION_PREFERS_STRING_CATALOGS = YES;
				MTL_ENABLE_DEBUG_INFO = NO;
				MTL_FAST_MATH = YES;
				SWIFT_COMPILATION_MODE = wholemodule;
			};
			name = Release;
		};
		158B02322E59B31900EBEA0E /* Debug */ = {
			isa = XCBuildConfiguration;
			buildSettings = {
				BUNDLE_LOADER = "$(TEST_HOST)";
				CODE_SIGN_STYLE = Automatic;
				CURRENT_PROJECT_VERSION = 1;
				DEVELOPMENT_TEAM = G6B65R5TY3;
				GENERATE_INFOPLIST_FILE = YES;
				IPHONEOS_DEPLOYMENT_TARGET = 18.2;
				MACOSX_DEPLOYMENT_TARGET = 14.6;
				MARKETING_VERSION = 1.0;
				PRODUCT_BUNDLE_IDENTIFIER = com.sabishev.taikaTests;
				PRODUCT_NAME = "$(TARGET_NAME)";
				SDKROOT = auto;
				SUPPORTED_PLATFORMS = "iphoneos iphonesimulator macosx xros xrsimulator";
				SWIFT_EMIT_LOC_STRINGS = NO;
				SWIFT_VERSION = 5.0;
				TARGETED_DEVICE_FAMILY = "1,2,7";
				TEST_HOST = "$(BUILT_PRODUCTS_DIR)/taika.app/$(BUNDLE_EXECUTABLE_FOLDER_PATH)/taika";
				XROS_DEPLOYMENT_TARGET = 2.2;
			};
			name = Debug;
		};
		158B02332E59B31900EBEA0E /* Release */ = {
			isa = XCBuildConfiguration;
			buildSettings = {
				BUNDLE_LOADER = "$(TEST_HOST)";
				CODE_SIGN_STYLE = Automatic;
				CURRENT_PROJECT_VERSION = 1;
				DEVELOPMENT_TEAM = G6B65R5TY3;
				GENERATE_INFOPLIST_FILE = YES;
				IPHONEOS_DEPLOYMENT_TARGET = 18.2;
				MACOSX_DEPLOYMENT_TARGET = 14.6;
				MARKETING_VERSION = 1.0;
				PRODUCT_BUNDLE_IDENTIFIER = com.sabishev.taikaTests;
				PRODUCT_NAME = "$(TARGET_NAME)";
				SDKROOT = auto;
				SUPPORTED_PLATFORMS = "iphoneos iphonesimulator macosx xros xrsimulator";
				SWIFT_EMIT_LOC_STRINGS = NO;
				SWIFT_VERSION = 5.0;
				TARGETED_DEVICE_FAMILY = "1,2,7";
				TEST_HOST = "$(BUILT_PRODUCTS_DIR)/taika.app/$(BUNDLE_EXECUTABLE_FOLDER_PATH)/taika";
				XROS_DEPLOYMENT_TARGET = 2.2;
			};
			name = Release;
		};
		158B02352E59B31900EBEA0E /* Debug */ = {
			isa = XCBuildConfiguration;
			buildSettings = {
				CODE_SIGN_STYLE = Automatic;
				CURRENT_PROJECT_VERSION = 1;
				DEVELOPMENT_TEAM = G6B65R5TY3;
				GENERATE_INFOPLIST_FILE = YES;
				IPHONEOS_DEPLOYMENT_TARGET = 18.2;
				MACOSX_DEPLOYMENT_TARGET = 14.6;
				MARKETING_VERSION = 1.0;
				PRODUCT_BUNDLE_IDENTIFIER = com.sabishev.taikaUITests;
				PRODUCT_NAME = "$(TARGET_NAME)";
				SDKROOT = auto;
				SUPPORTED_PLATFORMS = "iphoneos iphonesimulator macosx xros xrsimulator";
				SWIFT_EMIT_LOC_STRINGS = NO;
				SWIFT_VERSION = 5.0;
				TARGETED_DEVICE_FAMILY = "1,2,7";
				TEST_TARGET_NAME = taika;
				XROS_DEPLOYMENT_TARGET = 2.2;
			};
			name = Debug;
		};
		158B02362E59B31900EBEA0E /* Release */ = {
			isa = XCBuildConfiguration;
			buildSettings = {
				CODE_SIGN_STYLE = Automatic;
				CURRENT_PROJECT_VERSION = 1;
				DEVELOPMENT_TEAM = G6B65R5TY3;
				GENERATE_INFOPLIST_FILE = YES;
				IPHONEOS_DEPLOYMENT_TARGET = 18.2;
				MACOSX_DEPLOYMENT_TARGET = 14.6;
				MARKETING_VERSION = 1.0;
				PRODUCT_BUNDLE_IDENTIFIER = com.sabishev.taikaUITests;
				PRODUCT_NAME = "$(TARGET_NAME)";
				SDKROOT = auto;
				SUPPORTED_PLATFORMS = "iphoneos iphonesimulator macosx xros xrsimulator";
				SWIFT_EMIT_LOC_STRINGS = NO;
				SWIFT_VERSION = 5.0;
				TARGETED_DEVICE_FAMILY = "1,2,7";
				TEST_TARGET_NAME = taika;
				XROS_DEPLOYMENT_TARGET = 2.2;
			};
			name = Release;
		};
/* End XCBuildConfiguration section */

/* Begin XCConfigurationList section */
		158B02002E59B31600EBEA0E /* Build configuration list for PBXProject "taika" */ = {
			isa = XCConfigurationList;
			buildConfigurations = (
				158B022F2E59B31900EBEA0E /* Debug */,
				158B02302E59B31900EBEA0E /* Release */,
			);
			defaultConfigurationIsVisible = 0;
			defaultConfigurationName = Release;
		};
		158B022C2E59B31900EBEA0E /* Build configuration list for PBXNativeTarget "taika" */ = {
			isa = XCConfigurationList;
			buildConfigurations = (
				158B022D2E59B31900EBEA0E /* Debug */,
				158B022E2E59B31900EBEA0E /* Release */,
			);
			defaultConfigurationIsVisible = 0;
			defaultConfigurationName = Release;
		};
		158B02312E59B31900EBEA0E /* Build configuration list for PBXNativeTarget "taikaTests" */ = {
			isa = XCConfigurationList;
			buildConfigurations = (
				158B02322E59B31900EBEA0E /* Debug */,
				158B02332E59B31900EBEA0E /* Release */,
			);
			defaultConfigurationIsVisible = 0;
			defaultConfigurationName = Release;
		};
		158B02342E59B31900EBEA0E /* Build configuration list for PBXNativeTarget "taikaUITests" */ = {
			isa = XCConfigurationList;
			buildConfigurations = (
				158B02352E59B31900EBEA0E /* Debug */,
				158B02362E59B31900EBEA0E /* Release */,
			);
			defaultConfigurationIsVisible = 0;
			defaultConfigurationName = Release;
		};
/* End XCConfigurationList section */

/* Begin XCRemoteSwiftPackageReference section */
		15FB00012E59B31600EBEA0E /* XCRemoteSwiftPackageReference "firebase-ios-sdk" */ = {
			isa = XCRemoteSwiftPackageReference;
			repositoryURL = "https://github.com/firebase/firebase-ios-sdk";
			requirement = {
				kind = upToNextMajorVersion;
				minimumVersion = 11.0.0;
			};
		};
/* End XCRemoteSwiftPackageReference section */

/* Begin XCSwiftPackageProductDependency section */
		15FB00002E59B31600EBEA0E /* FirebaseCore */ = {
			isa = XCSwiftPackageProductDependency;
			package = 15FB00012E59B31600EBEA0E /* XCRemoteSwiftPackageReference "firebase-ios-sdk" */;
			productName = FirebaseCore;
		};
		15FB00022E59B31600EBEA0E /* FirebaseAuth */ = {
			isa = XCSwiftPackageProductDependency;
			package = 15FB00012E59B31600EBEA0E /* XCRemoteSwiftPackageReference "firebase-ios-sdk" */;
			productName = FirebaseAuth;
		};
		15FB00032E59B31600EBEA0E /* FirebaseFirestore */ = {
			isa = XCSwiftPackageProductDependency;
			package = 15FB00012E59B31600EBEA0E /* XCRemoteSwiftPackageReference "firebase-ios-sdk" */;
			productName = FirebaseFirestore;
		};
/* End XCSwiftPackageProductDependency section */
	};
	rootObject = 158B01FD2E59B31600EBEA0E /* Project object */;
}
